// !$*UTF8*$!
{
	archiveVersion = 1;
	classes = {
	};
	objectVersion = 51;
	objects = {

/* Begin PBXBuildFile section */
		2191E33DB8340687F4B44716 /* Pods_MyApi.framework in Frameworks */ = {isa = PBXBuildFile; fileRef = A88A3E9380D1B60F0D50E9BE /* Pods_MyApi.framework */; };
		3741D7DA2518CAB800BCB414 /* PersonListCollectionViewController.swift in Sources */ = {isa = PBXBuildFile; fileRef = 3741D7D92518CAB800BCB414 /* PersonListCollectionViewController.swift */; };
		3741D7DF2518D07B00BCB414 /* NetworkManager.swift in Sources */ = {isa = PBXBuildFile; fileRef = 3741D7DE2518D07B00BCB414 /* NetworkManager.swift */; };
		3741D7E32518E74B00BCB414 /* PersonData.swift in Sources */ = {isa = PBXBuildFile; fileRef = 3741D7E22518E74B00BCB414 /* PersonData.swift */; };
		3741D7EC251A3F1D00BCB414 /* DetailViewController.swift in Sources */ = {isa = PBXBuildFile; fileRef = 3741D7EB251A3F1D00BCB414 /* DetailViewController.swift */; };
		3741D7F2251A4DF500BCB414 /* breaking.otf in Resources */ = {isa = PBXBuildFile; fileRef = 3741D7F1251A4DF500BCB414 /* breaking.otf */; };
		3741D7FE251A54BE00BCB414 /* background.jpg in Resources */ = {isa = PBXBuildFile; fileRef = 3741D7FD251A54BE00BCB414 /* background.jpg */; };
		374911BD251C983200BA9FA0 /* EpisodesTableViewController.swift in Sources */ = {isa = PBXBuildFile; fileRef = 374911BC251C983200BA9FA0 /* EpisodesTableViewController.swift */; };
		374911C0251C9A4000BA9FA0 /* EpisodeData.swift in Sources */ = {isa = PBXBuildFile; fileRef = 374911BF251C9A4000BA9FA0 /* EpisodeData.swift */; };
		37B5B65A251A7B8600D3739E /* ost.mp3 in Resources */ = {isa = PBXBuildFile; fileRef = 37B5B659251A7B8600D3739E /* ost.mp3 */; };
		37B5B65F251A877F00D3739E /* breaking.mp3 in Resources */ = {isa = PBXBuildFile; fileRef = 37B5B65E251A877F00D3739E /* breaking.mp3 */; };
		37CA9CAD25180C0900B32DD1 /* AppDelegate.swift in Sources */ = {isa = PBXBuildFile; fileRef = 37CA9CAC25180C0900B32DD1 /* AppDelegate.swift */; };
		37CA9CAF25180C0900B32DD1 /* SceneDelegate.swift in Sources */ = {isa = PBXBuildFile; fileRef = 37CA9CAE25180C0900B32DD1 /* SceneDelegate.swift */; };
		37CA9CB125180C0900B32DD1 /* StartViewController.swift in Sources */ = {isa = PBXBuildFile; fileRef = 37CA9CB025180C0900B32DD1 /* StartViewController.swift */; };
		37CA9CB425180C0900B32DD1 /* Main.storyboard in Resources */ = {isa = PBXBuildFile; fileRef = 37CA9CB225180C0900B32DD1 /* Main.storyboard */; };
		37CA9CB625180C0B00B32DD1 /* Assets.xcassets in Resources */ = {isa = PBXBuildFile; fileRef = 37CA9CB525180C0B00B32DD1 /* Assets.xcassets */; };
		37CA9CB925180C0B00B32DD1 /* LaunchScreen.storyboard in Resources */ = {isa = PBXBuildFile; fileRef = 37CA9CB725180C0B00B32DD1 /* LaunchScreen.storyboard */; };
		37CA9CD325181A4800B32DD1 /* PersonCell.swift in Sources */ = {isa = PBXBuildFile; fileRef = 37CA9CD225181A4800B32DD1 /* PersonCell.swift */; };
/* End PBXBuildFile section */

/* Begin PBXFileReference section */
		3741D7D92518CAB800BCB414 /* PersonListCollectionViewController.swift */ = {isa = PBXFileReference; lastKnownFileType = sourcecode.swift; path = PersonListCollectionViewController.swift; sourceTree = "<group>"; };
		3741D7DE2518D07B00BCB414 /* NetworkManager.swift */ = {isa = PBXFileReference; lastKnownFileType = sourcecode.swift; path = NetworkManager.swift; sourceTree = "<group>"; };
		3741D7E22518E74B00BCB414 /* PersonData.swift */ = {isa = PBXFileReference; lastKnownFileType = sourcecode.swift; path = PersonData.swift; sourceTree = "<group>"; };
		3741D7EB251A3F1D00BCB414 /* DetailViewController.swift */ = {isa = PBXFileReference; lastKnownFileType = sourcecode.swift; path = DetailViewController.swift; sourceTree = "<group>"; };
		3741D7F1251A4DF500BCB414 /* breaking.otf */ = {isa = PBXFileReference; lastKnownFileType = file; path = breaking.otf; sourceTree = "<group>"; };
		3741D7FD251A54BE00BCB414 /* background.jpg */ = {isa = PBXFileReference; lastKnownFileType = image.jpeg; path = background.jpg; sourceTree = "<group>"; };
		374911BC251C983200BA9FA0 /* EpisodesTableViewController.swift */ = {isa = PBXFileReference; lastKnownFileType = sourcecode.swift; path = EpisodesTableViewController.swift; sourceTree = "<group>"; };
		374911BF251C9A4000BA9FA0 /* EpisodeData.swift */ = {isa = PBXFileReference; lastKnownFileType = sourcecode.swift; path = EpisodeData.swift; sourceTree = "<group>"; };
		37B5B659251A7B8600D3739E /* ost.mp3 */ = {isa = PBXFileReference; lastKnownFileType = audio.mp3; path = ost.mp3; sourceTree = "<group>"; };
		37B5B65E251A877F00D3739E /* breaking.mp3 */ = {isa = PBXFileReference; lastKnownFileType = audio.mp3; path = breaking.mp3; sourceTree = "<group>"; };
		37CA9CA925180C0900B32DD1 /* MyApi.app */ = {isa = PBXFileReference; explicitFileType = wrapper.application; includeInIndex = 0; path = MyApi.app; sourceTree = BUILT_PRODUCTS_DIR; };
		37CA9CAC25180C0900B32DD1 /* AppDelegate.swift */ = {isa = PBXFileReference; lastKnownFileType = sourcecode.swift; path = AppDelegate.swift; sourceTree = "<group>"; };
		37CA9CAE25180C0900B32DD1 /* SceneDelegate.swift */ = {isa = PBXFileReference; lastKnownFileType = sourcecode.swift; path = SceneDelegate.swift; sourceTree = "<group>"; };
		37CA9CB025180C0900B32DD1 /* StartViewController.swift */ = {isa = PBXFileReference; lastKnownFileType = sourcecode.swift; path = StartViewController.swift; sourceTree = "<group>"; };
		37CA9CB325180C0900B32DD1 /* Base */ = {isa = PBXFileReference; lastKnownFileType = file.storyboard; name = Base; path = Base.lproj/Main.storyboard; sourceTree = "<group>"; };
		37CA9CB525180C0B00B32DD1 /* Assets.xcassets */ = {isa = PBXFileReference; lastKnownFileType = folder.assetcatalog; path = Assets.xcassets; sourceTree = "<group>"; };
		37CA9CB825180C0B00B32DD1 /* Base */ = {isa = PBXFileReference; lastKnownFileType = file.storyboard; name = Base; path = Base.lproj/LaunchScreen.storyboard; sourceTree = "<group>"; };
		37CA9CBA25180C0B00B32DD1 /* Info.plist */ = {isa = PBXFileReference; lastKnownFileType = text.plist.xml; path = Info.plist; sourceTree = "<group>"; };
		37CA9CD225181A4800B32DD1 /* PersonCell.swift */ = {isa = PBXFileReference; lastKnownFileType = sourcecode.swift; path = PersonCell.swift; sourceTree = "<group>"; };
		A0D21B1CB1A1391728833F05 /* Pods-MyApi.debug.xcconfig */ = {isa = PBXFileReference; includeInIndex = 1; lastKnownFileType = text.xcconfig; name = "Pods-MyApi.debug.xcconfig"; path = "Target Support Files/Pods-MyApi/Pods-MyApi.debug.xcconfig"; sourceTree = "<group>"; };
		A88A3E9380D1B60F0D50E9BE /* Pods_MyApi.framework */ = {isa = PBXFileReference; explicitFileType = wrapper.framework; includeInIndex = 0; path = Pods_MyApi.framework; sourceTree = BUILT_PRODUCTS_DIR; };
		C3BA8580670102CBC040216B /* Pods-MyApi.release.xcconfig */ = {isa = PBXFileReference; includeInIndex = 1; lastKnownFileType = text.xcconfig; name = "Pods-MyApi.release.xcconfig"; path = "Target Support Files/Pods-MyApi/Pods-MyApi.release.xcconfig"; sourceTree = "<group>"; };
/* End PBXFileReference section */

/* Begin PBXFrameworksBuildPhase section */
		37CA9CA625180C0900B32DD1 /* Frameworks */ = {
			isa = PBXFrameworksBuildPhase;
			buildActionMask = 2147483647;
			files = (
				2191E33DB8340687F4B44716 /* Pods_MyApi.framework in Frameworks */,
			);
			runOnlyForDeploymentPostprocessing = 0;
		};
/* End PBXFrameworksBuildPhase section */

/* Begin PBXGroup section */
		3741D7F0251A4DC700BCB414 /* Fonts */ = {
			isa = PBXGroup;
			children = (
				3741D7F1251A4DF500BCB414 /* breaking.otf */,
			);
			path = Fonts;
			sourceTree = "<group>";
		};
		3741D801251A55BA00BCB414 /* Sources */ = {
			isa = PBXGroup;
			children = (
				37CA9CB525180C0B00B32DD1 /* Assets.xcassets */,
				3741D7FD251A54BE00BCB414 /* background.jpg */,
				37B5B659251A7B8600D3739E /* ost.mp3 */,
				37B5B65E251A877F00D3739E /* breaking.mp3 */,
			);
			path = Sources;
			sourceTree = "<group>";
		};
		3741D803251A570D00BCB414 /* Controllers */ = {
			isa = PBXGroup;
			children = (
				37CA9CD225181A4800B32DD1 /* PersonCell.swift */,
				3741D7D92518CAB800BCB414 /* PersonListCollectionViewController.swift */,
				37CA9CB025180C0900B32DD1 /* StartViewController.swift */,
				3741D7EB251A3F1D00BCB414 /* DetailViewController.swift */,
				374911BC251C983200BA9FA0 /* EpisodesTableViewController.swift */,
			);
			path = Controllers;
			sourceTree = "<group>";
		};
		3741D804251A575000BCB414 /* Models */ = {
			isa = PBXGroup;
			children = (
				3741D7E22518E74B00BCB414 /* PersonData.swift */,
				374911BF251C9A4000BA9FA0 /* EpisodeData.swift */,
			);
			path = Models;
			sourceTree = "<group>";
		};
		3741D805251A582300BCB414 /* SupportingFilles */ = {
			isa = PBXGroup;
			children = (
				37CA9CBA25180C0B00B32DD1 /* Info.plist */,
				37CA9CAC25180C0900B32DD1 /* AppDelegate.swift */,
				37CA9CAE25180C0900B32DD1 /* SceneDelegate.swift */,
			);
			path = SupportingFilles;
			sourceTree = "<group>";
		};
		3741D806251A585700BCB414 /* Services */ = {
			isa = PBXGroup;
			children = (
				3741D7DE2518D07B00BCB414 /* NetworkManager.swift */,
			);
			path = Services;
			sourceTree = "<group>";
		};
		3741D807251A586A00BCB414 /* Storyboards */ = {
			isa = PBXGroup;
			children = (
				37CA9CB225180C0900B32DD1 /* Main.storyboard */,
				37CA9CB725180C0B00B32DD1 /* LaunchScreen.storyboard */,
			);
			path = Storyboards;
			sourceTree = "<group>";
		};
		37CA9CA025180C0900B32DD1 = {
			isa = PBXGroup;
			children = (
				37CA9CAB25180C0900B32DD1 /* MyApi */,
				37CA9CAA25180C0900B32DD1 /* Products */,
				BF56152CF3E3DD57B29DD73A /* Pods */,
				40B4F14B0A5214A3A68CDCB5 /* Frameworks */,
			);
			sourceTree = "<group>";
		};
		37CA9CAA25180C0900B32DD1 /* Products */ = {
			isa = PBXGroup;
			children = (
				37CA9CA925180C0900B32DD1 /* MyApi.app */,
			);
			name = Products;
			sourceTree = "<group>";
		};
		37CA9CAB25180C0900B32DD1 /* MyApi */ = {
			isa = PBXGroup;
			children = (
				3741D807251A586A00BCB414 /* Storyboards */,
				3741D806251A585700BCB414 /* Services */,
				3741D805251A582300BCB414 /* SupportingFilles */,
				3741D804251A575000BCB414 /* Models */,
				3741D801251A55BA00BCB414 /* Sources */,
				3741D7F0251A4DC700BCB414 /* Fonts */,
				3741D803251A570D00BCB414 /* Controllers */,
			);
			path = MyApi;
			sourceTree = "<group>";
		};
		40B4F14B0A5214A3A68CDCB5 /* Frameworks */ = {
			isa = PBXGroup;
			children = (
				A88A3E9380D1B60F0D50E9BE /* Pods_MyApi.framework */,
			);
			name = Frameworks;
			sourceTree = "<group>";
		};
		BF56152CF3E3DD57B29DD73A /* Pods */ = {
			isa = PBXGroup;
			children = (
				A0D21B1CB1A1391728833F05 /* Pods-MyApi.debug.xcconfig */,
				C3BA8580670102CBC040216B /* Pods-MyApi.release.xcconfig */,
			);
			path = Pods;
			sourceTree = "<group>";
		};
/* End PBXGroup section */

/* Begin PBXNativeTarget section */
		37CA9CA825180C0900B32DD1 /* MyApi */ = {
			isa = PBXNativeTarget;
			buildConfigurationList = 37CA9CBD25180C0B00B32DD1 /* Build configuration list for PBXNativeTarget "MyApi" */;
			buildPhases = (
				DAD0119D3055DDA71B5C5C14 /* [CP] Check Pods Manifest.lock */,
				37CA9CA525180C0900B32DD1 /* Sources */,
				37CA9CA625180C0900B32DD1 /* Frameworks */,
				37CA9CA725180C0900B32DD1 /* Resources */,
				90C36FB09C1EF7BE67EBDF10 /* [CP] Embed Pods Frameworks */,
			);
			buildRules = (
			);
			dependencies = (
			);
			name = MyApi;
			productName = MyApi;
			productReference = 37CA9CA925180C0900B32DD1 /* MyApi.app */;
			productType = "com.apple.product-type.application";
		};
/* End PBXNativeTarget section */

/* Begin PBXProject section */
		37CA9CA125180C0900B32DD1 /* Project object */ = {
			isa = PBXProject;
			attributes = {
				LastSwiftUpdateCheck = 1200;
				LastUpgradeCheck = 1200;
				TargetAttributes = {
					37CA9CA825180C0900B32DD1 = {
						CreatedOnToolsVersion = 12.0;
					};
				};
			};
			buildConfigurationList = 37CA9CA425180C0900B32DD1 /* Build configuration list for PBXProject "MyApi" */;
			compatibilityVersion = "Xcode 9.3";
			developmentRegion = en;
			hasScannedForEncodings = 0;
			knownRegions = (
				en,
				Base,
			);
			mainGroup = 37CA9CA025180C0900B32DD1;
			productRefGroup = 37CA9CAA25180C0900B32DD1 /* Products */;
			projectDirPath = "";
			projectRoot = "";
			targets = (
				37CA9CA825180C0900B32DD1 /* MyApi */,
			);
		};
/* End PBXProject section */

/* Begin PBXResourcesBuildPhase section */
		37CA9CA725180C0900B32DD1 /* Resources */ = {
			isa = PBXResourcesBuildPhase;
			buildActionMask = 2147483647;
			files = (
				37CA9CB925180C0B00B32DD1 /* LaunchScreen.storyboard in Resources */,
				37CA9CB625180C0B00B32DD1 /* Assets.xcassets in Resources */,
				3741D7FE251A54BE00BCB414 /* background.jpg in Resources */,
				37B5B65F251A877F00D3739E /* breaking.mp3 in Resources */,
				37B5B65A251A7B8600D3739E /* ost.mp3 in Resources */,
				37CA9CB425180C0900B32DD1 /* Main.storyboard in Resources */,
				3741D7F2251A4DF500BCB414 /* breaking.otf in Resources */,
			);
			runOnlyForDeploymentPostprocessing = 0;
		};
/* End PBXResourcesBuildPhase section */

/* Begin PBXShellScriptBuildPhase section */
		90C36FB09C1EF7BE67EBDF10 /* [CP] Embed Pods Frameworks */ = {
			isa = PBXShellScriptBuildPhase;
			buildActionMask = 2147483647;
			files = (
			);
			inputFileListPaths = (
				"${PODS_ROOT}/Target Support Files/Pods-MyApi/Pods-MyApi-frameworks-${CONFIGURATION}-input-files.xcfilelist",
			);
			name = "[CP] Embed Pods Frameworks";
			outputFileListPaths = (
				"${PODS_ROOT}/Target Support Files/Pods-MyApi/Pods-MyApi-frameworks-${CONFIGURATION}-output-files.xcfilelist",
			);
			runOnlyForDeploymentPostprocessing = 0;
			shellPath = /bin/sh;
			shellScript = "\"${PODS_ROOT}/Target Support Files/Pods-MyApi/Pods-MyApi-frameworks.sh\"\n";
			showEnvVarsInLog = 0;
		};
		DAD0119D3055DDA71B5C5C14 /* [CP] Check Pods Manifest.lock */ = {
			isa = PBXShellScriptBuildPhase;
			buildActionMask = 2147483647;
			files = (
			);
			inputFileListPaths = (
			);
			inputPaths = (
				"${PODS_PODFILE_DIR_PATH}/Podfile.lock",
				"${PODS_ROOT}/Manifest.lock",
			);
			name = "[CP] Check Pods Manifest.lock";
			outputFileListPaths = (
			);
			outputPaths = (
				"$(DERIVED_FILE_DIR)/Pods-MyApi-checkManifestLockResult.txt",
			);
			runOnlyForDeploymentPostprocessing = 0;
			shellPath = /bin/sh;
			shellScript = "diff \"${PODS_PODFILE_DIR_PATH}/Podfile.lock\" \"${PODS_ROOT}/Manifest.lock\" > /dev/null\nif [ $? != 0 ] ; then\n    # print error to STDERR\n    echo \"error: The sandbox is not in sync with the Podfile.lock. Run 'pod install' or update your CocoaPods installation.\" >&2\n    exit 1\nfi\n# This output is used by Xcode 'outputs' to avoid re-running this script phase.\necho \"SUCCESS\" > \"${SCRIPT_OUTPUT_FILE_0}\"\n";
			showEnvVarsInLog = 0;
		};
/* End PBXShellScriptBuildPhase section */

/* Begin PBXSourcesBuildPhase section */
		37CA9CA525180C0900B32DD1 /* Sources */ = {
			isa = PBXSourcesBuildPhase;
			buildActionMask = 2147483647;
			files = (
				3741D7DF2518D07B00BCB414 /* NetworkManager.swift in Sources */,
				37CA9CB125180C0900B32DD1 /* StartViewController.swift in Sources */,
				37CA9CAD25180C0900B32DD1 /* AppDelegate.swift in Sources */,
				37CA9CD325181A4800B32DD1 /* PersonCell.swift in Sources */,
				3741D7E32518E74B00BCB414 /* PersonData.swift in Sources */,
				3741D7DA2518CAB800BCB414 /* PersonListCollectionViewController.swift in Sources */,
				374911BD251C983200BA9FA0 /* EpisodesTableViewController.swift in Sources */,
				37CA9CAF25180C0900B32DD1 /* SceneDelegate.swift in Sources */,
				3741D7EC251A3F1D00BCB414 /* DetailViewController.swift in Sources */,
				374911C0251C9A4000BA9FA0 /* EpisodeData.swift in Sources */,
			);
			runOnlyForDeploymentPostprocessing = 0;
		};
/* End PBXSourcesBuildPhase section */

/* Begin PBXVariantGroup section */
		37CA9CB225180C0900B32DD1 /* Main.storyboard */ = {
			isa = PBXVariantGroup;
			children = (
				37CA9CB325180C0900B32DD1 /* Base */,
			);
			name = Main.storyboard;
			sourceTree = "<group>";
		};
		37CA9CB725180C0B00B32DD1 /* LaunchScreen.storyboard */ = {
			isa = PBXVariantGroup;
			children = (
				37CA9CB825180C0B00B32DD1 /* Base */,
			);
			name = LaunchScreen.storyboard;
			sourceTree = "<group>";
		};
/* End PBXVariantGroup section */

/* Begin XCBuildConfiguration section */
		37CA9CBB25180C0B00B32DD1 /* Debug */ = {
			isa = XCBuildConfiguration;
			buildSettings = {
				ALWAYS_SEARCH_USER_PATHS = NO;
				CLANG_ANALYZER_NONNULL = YES;
				CLANG_ANALYZER_NUMBER_OBJECT_CONVERSION = YES_AGGRESSIVE;
				CLANG_CXX_LANGUAGE_STANDARD = "gnu++14";
				CLANG_CXX_LIBRARY = "libc++";
				CLANG_ENABLE_MODULES = YES;
				CLANG_ENABLE_OBJC_ARC = YES;
				CLANG_ENABLE_OBJC_WEAK = YES;
				CLANG_WARN_BLOCK_CAPTURE_AUTORELEASING = YES;
				CLANG_WARN_BOOL_CONVERSION = YES;
				CLANG_WARN_COMMA = YES;
				CLANG_WARN_CONSTANT_CONVERSION = YES;
				CLANG_WARN_DEPRECATED_OBJC_IMPLEMENTATIONS = YES;
				CLANG_WARN_DIRECT_OBJC_ISA_USAGE = YES_ERROR;
				CLANG_WARN_DOCUMENTATION_COMMENTS = YES;
				CLANG_WARN_EMPTY_BODY = YES;
				CLANG_WARN_ENUM_CONVERSION = YES;
				CLANG_WARN_INFINITE_RECURSION = YES;
				CLANG_WARN_INT_CONVERSION = YES;
				CLANG_WARN_NON_LITERAL_NULL_CONVERSION = YES;
				CLANG_WARN_OBJC_IMPLICIT_RETAIN_SELF = YES;
				CLANG_WARN_OBJC_LITERAL_CONVERSION = YES;
				CLANG_WARN_OBJC_ROOT_CLASS = YES_ERROR;
				CLANG_WARN_QUOTED_INCLUDE_IN_FRAMEWORK_HEADER = YES;
				CLANG_WARN_RANGE_LOOP_ANALYSIS = YES;
				CLANG_WARN_STRICT_PROTOTYPES = YES;
				CLANG_WARN_SUSPICIOUS_MOVE = YES;
				CLANG_WARN_UNGUARDED_AVAILABILITY = YES_AGGRESSIVE;
				CLANG_WARN_UNREACHABLE_CODE = YES;
				CLANG_WARN__DUPLICATE_METHOD_MATCH = YES;
				COPY_PHASE_STRIP = NO;
				DEBUG_INFORMATION_FORMAT = dwarf;
				ENABLE_STRICT_OBJC_MSGSEND = YES;
				ENABLE_TESTABILITY = YES;
				GCC_C_LANGUAGE_STANDARD = gnu11;
				GCC_DYNAMIC_NO_PIC = NO;
				GCC_NO_COMMON_BLOCKS = YES;
				GCC_OPTIMIZATION_LEVEL = 0;
				GCC_PREPROCESSOR_DEFINITIONS = (
					"DEBUG=1",
					"$(inherited)",
				);
				GCC_WARN_64_TO_32_BIT_CONVERSION = YES;
				GCC_WARN_ABOUT_RETURN_TYPE = YES_ERROR;
				GCC_WARN_UNDECLARED_SELECTOR = YES;
				GCC_WARN_UNINITIALIZED_AUTOS = YES_AGGRESSIVE;
				GCC_WARN_UNUSED_FUNCTION = YES;
				GCC_WARN_UNUSED_VARIABLE = YES;
				INFOPLIST_FILE = MyApi/SupportingFilles/Info.plist;
				IPHONEOS_DEPLOYMENT_TARGET = 14.0;
				MTL_ENABLE_DEBUG_INFO = INCLUDE_SOURCE;
				MTL_FAST_MATH = YES;
				ONLY_ACTIVE_ARCH = YES;
				SDKROOT = iphoneos;
				SWIFT_ACTIVE_COMPILATION_CONDITIONS = DEBUG;
				SWIFT_OPTIMIZATION_LEVEL = "-Onone";
			};
			name = Debug;
		};
		37CA9CBC25180C0B00B32DD1 /* Release */ = {
			isa = XCBuildConfiguration;
			buildSettings = {
				ALWAYS_SEARCH_USER_PATHS = NO;
				CLANG_ANALYZER_NONNULL = YES;
				CLANG_ANALYZER_NUMBER_OBJECT_CONVERSION = YES_AGGRESSIVE;
				CLANG_CXX_LANGUAGE_STANDARD = "gnu++14";
				CLANG_CXX_LIBRARY = "libc++";
				CLANG_ENABLE_MODULES = YES;
				CLANG_ENABLE_OBJC_ARC = YES;
				CLANG_ENABLE_OBJC_WEAK = YES;
				CLANG_WARN_BLOCK_CAPTURE_AUTORELEASING = YES;
				CLANG_WARN_BOOL_CONVERSION = YES;
				CLANG_WARN_COMMA = YES;
				CLANG_WARN_CONSTANT_CONVERSION = YES;
				CLANG_WARN_DEPRECATED_OBJC_IMPLEMENTATIONS = YES;
				CLANG_WARN_DIRECT_OBJC_ISA_USAGE = YES_ERROR;
				CLANG_WARN_DOCUMENTATION_COMMENTS = YES;
				CLANG_WARN_EMPTY_BODY = YES;
				CLANG_WARN_ENUM_CONVERSION = YES;
				CLANG_WARN_INFINITE_RECURSION = YES;
				CLANG_WARN_INT_CONVERSION = YES;
				CLANG_WARN_NON_LITERAL_NULL_CONVERSION = YES;
				CLANG_WARN_OBJC_IMPLICIT_RETAIN_SELF = YES;
				CLANG_WARN_OBJC_LITERAL_CONVERSION = YES;
				CLANG_WARN_OBJC_ROOT_CLASS = YES_ERROR;
				CLANG_WARN_QUOTED_INCLUDE_IN_FRAMEWORK_HEADER = YES;
				CLANG_WARN_RANGE_LOOP_ANALYSIS = YES;
				CLANG_WARN_STRICT_PROTOTYPES = YES;
				CLANG_WARN_SUSPICIOUS_MOVE = YES;
				CLANG_WARN_UNGUARDED_AVAILABILITY = YES_AGGRESSIVE;
				CLANG_WARN_UNREACHABLE_CODE = YES;
				CLANG_WARN__DUPLICATE_METHOD_MATCH = YES;
				COPY_PHASE_STRIP = NO;
				DEBUG_INFORMATION_FORMAT = "dwarf-with-dsym";
				ENABLE_NS_ASSERTIONS = NO;
				ENABLE_STRICT_OBJC_MSGSEND = YES;
				GCC_C_LANGUAGE_STANDARD = gnu11;
				GCC_NO_COMMON_BLOCKS = YES;
				GCC_WARN_64_TO_32_BIT_CONVERSION = YES;
				GCC_WARN_ABOUT_RETURN_TYPE = YES_ERROR;
				GCC_WARN_UNDECLARED_SELECTOR = YES;
				GCC_WARN_UNINITIALIZED_AUTOS = YES_AGGRESSIVE;
				GCC_WARN_UNUSED_FUNCTION = YES;
				GCC_WARN_UNUSED_VARIABLE = YES;
				INFOPLIST_FILE = MyApi/SupportingFilles/Info.plist;
				IPHONEOS_DEPLOYMENT_TARGET = 14.0;
				MTL_ENABLE_DEBUG_INFO = NO;
				MTL_FAST_MATH = YES;
				SDKROOT = iphoneos;
				SWIFT_COMPILATION_MODE = wholemodule;
				SWIFT_OPTIMIZATION_LEVEL = "-O";
				VALIDATE_PRODUCT = YES;
			};
			name = Release;
		};
		37CA9CBE25180C0B00B32DD1 /* Debug */ = {
			isa = XCBuildConfiguration;
			baseConfigurationReference = A0D21B1CB1A1391728833F05 /* Pods-MyApi.debug.xcconfig */;
			buildSettings = {
				ASSETCATALOG_COMPILER_APPICON_NAME = AppIcon;
				ASSETCATALOG_COMPILER_GLOBAL_ACCENT_COLOR_NAME = AccentColor;
				CODE_SIGN_STYLE = Automatic;
				INFOPLIST_FILE = MyApi/SupportingFilles/Info.plist;
				LD_RUNPATH_SEARCH_PATHS = (
					"$(inherited)",
					"@executable_path/Frameworks",
				);
				PRODUCT_BUNDLE_IDENTIFIER = "dmitriy-dyachkov.MyApi";
				PRODUCT_NAME = "$(TARGET_NAME)";
				SWIFT_VERSION = 5.0;
				TARGETED_DEVICE_FAMILY = "1,2";
			};
			name = Debug;
		};
		37CA9CBF25180C0B00B32DD1 /* Release */ = {
			isa = XCBuildConfiguration;
			baseConfigurationReference = C3BA8580670102CBC040216B /* Pods-MyApi.release.xcconfig */;
			buildSettings = {
				ASSETCATALOG_COMPILER_APPICON_NAME = AppIcon;
				ASSETCATALOG_COMPILER_GLOBAL_ACCENT_COLOR_NAME = AccentColor;
				CODE_SIGN_STYLE = Automatic;
				INFOPLIST_FILE = MyApi/SupportingFilles/Info.plist;
				LD_RUNPATH_SEARCH_PATHS = (
					"$(inherited)",
					"@executable_path/Frameworks",
				);
				PRODUCT_BUNDLE_IDENTIFIER = "dmitriy-dyachkov.MyApi";
				PRODUCT_NAME = "$(TARGET_NAME)";
				SWIFT_VERSION = 5.0;
				TARGETED_DEVICE_FAMILY = "1,2";
			};
			name = Release;
		};
/* End XCBuildConfiguration section */

/* Begin XCConfigurationList section */
		37CA9CA425180C0900B32DD1 /* Build configuration list for PBXProject "MyApi" */ = {
			isa = XCConfigurationList;
			buildConfigurations = (
				37CA9CBB25180C0B00B32DD1 /* Debug */,
				37CA9CBC25180C0B00B32DD1 /* Release */,
			);
			defaultConfigurationIsVisible = 0;
			defaultConfigurationName = Release;
		};
		37CA9CBD25180C0B00B32DD1 /* Build configuration list for PBXNativeTarget "MyApi" */ = {
			isa = XCConfigurationList;
			buildConfigurations = (
				37CA9CBE25180C0B00B32DD1 /* Debug */,
				37CA9CBF25180C0B00B32DD1 /* Release */,
			);
			defaultConfigurationIsVisible = 0;
			defaultConfigurationName = Release;
		};
/* End XCConfigurationList section */
	};
	rootObject = 37CA9CA125180C0900B32DD1 /* Project object */;
}
